// !$*UTF8*$!
{
	archiveVersion = 1;
	classes = {
	};
	objectVersion = 52;
	objects = {

/* Begin PBXBuildFile section */
		6E032D8225A6A81D009D57E9 /* MainView.swift in Sources */ = {isa = PBXBuildFile; fileRef = 6E032D8125A6A81D009D57E9 /* MainView.swift */; };
		6E084C9625ACD1E600BFBE0E /* Font Awesome 5 Free-Solid-900.otf in Resources */ = {isa = PBXBuildFile; fileRef = 6E084C9225ACD1E600BFBE0E /* Font Awesome 5 Free-Solid-900.otf */; };
		6E084C9725ACD1E600BFBE0E /* icons.json in Resources */ = {isa = PBXBuildFile; fileRef = 6E084C9325ACD1E600BFBE0E /* icons.json */; };
		6E084C9825ACD1E600BFBE0E /* Font Awesome 5 Brands-Regular-400.otf in Resources */ = {isa = PBXBuildFile; fileRef = 6E084C9425ACD1E600BFBE0E /* Font Awesome 5 Brands-Regular-400.otf */; };
		6E084C9925ACD1E600BFBE0E /* Font Awesome 5 Free-Regular-400.otf in Resources */ = {isa = PBXBuildFile; fileRef = 6E084C9525ACD1E600BFBE0E /* Font Awesome 5 Free-Regular-400.otf */; };
		6E41508B25A925EA000E8260 /* BaseViewModel.swift in Sources */ = {isa = PBXBuildFile; fileRef = 6E41508A25A925EA000E8260 /* BaseViewModel.swift */; };
		6E41508D25A95504000E8260 /* RequestApiHelper.swift in Sources */ = {isa = PBXBuildFile; fileRef = 6E41508C25A95504000E8260 /* RequestApiHelper.swift */; };
		6E44A4D725AA64E20004C5E8 /* SearchSYMResult.swift in Sources */ = {isa = PBXBuildFile; fileRef = 6E44A4D625AA64E20004C5E8 /* SearchSYMResult.swift */; };
		6E44A4D925AA65230004C5E8 /* ItemFromSearch.swift in Sources */ = {isa = PBXBuildFile; fileRef = 6E44A4D825AA65230004C5E8 /* ItemFromSearch.swift */; };
		6EAFEE6225A7934F00B34000 /* MainViewModel.swift in Sources */ = {isa = PBXBuildFile; fileRef = 6EAFEE6125A7934F00B34000 /* MainViewModel.swift */; };
		6EAFEE6525A7C15E00B34000 /* NotificationsName.swift in Sources */ = {isa = PBXBuildFile; fileRef = 6EAFEE6425A7C15E00B34000 /* NotificationsName.swift */; };
		6EAFEE6725A7EA6600B34000 /* DI.swift in Sources */ = {isa = PBXBuildFile; fileRef = 6EAFEE6625A7EA6600B34000 /* DI.swift */; };
		6EAFEE6925A7EB9800B34000 /* AuthServiceProtocol.swift in Sources */ = {isa = PBXBuildFile; fileRef = 6EAFEE6825A7EB9800B34000 /* AuthServiceProtocol.swift */; };
		6EAFEE6B25A7EBC500B34000 /* AuthService.swift in Sources */ = {isa = PBXBuildFile; fileRef = 6EAFEE6A25A7EBC500B34000 /* AuthService.swift */; };
		6EAFEE6E25A7ECAB00B34000 /* SetupDI.swift in Sources */ = {isa = PBXBuildFile; fileRef = 6EAFEE6D25A7ECAB00B34000 /* SetupDI.swift */; };
		6EAFEE7125A803CE00B34000 /* LoadingView.swift in Sources */ = {isa = PBXBuildFile; fileRef = 6EAFEE7025A803CE00B34000 /* LoadingView.swift */; };
		6EB1F3382594028B00D23290 /* AppDelegate.swift in Sources */ = {isa = PBXBuildFile; fileRef = 6EB1F3372594028B00D23290 /* AppDelegate.swift */; };
		6EB1F33A2594028B00D23290 /* SceneDelegate.swift in Sources */ = {isa = PBXBuildFile; fileRef = 6EB1F3392594028B00D23290 /* SceneDelegate.swift */; };
		6EB1F33E2594028D00D23290 /* Assets.xcassets in Resources */ = {isa = PBXBuildFile; fileRef = 6EB1F33D2594028D00D23290 /* Assets.xcassets */; };
		6EB1F3412594028D00D23290 /* Preview Assets.xcassets in Resources */ = {isa = PBXBuildFile; fileRef = 6EB1F3402594028D00D23290 /* Preview Assets.xcassets */; };
		6EB1F3442594028D00D23290 /* LaunchScreen.storyboard in Resources */ = {isa = PBXBuildFile; fileRef = 6EB1F3422594028D00D23290 /* LaunchScreen.storyboard */; };
		6EB1F34F2594028D00D23290 /* StockPOCTests.swift in Sources */ = {isa = PBXBuildFile; fileRef = 6EB1F34E2594028D00D23290 /* StockPOCTests.swift */; };
		6EB1F35A2594028D00D23290 /* StockPOCUITests.swift in Sources */ = {isa = PBXBuildFile; fileRef = 6EB1F3592594028D00D23290 /* StockPOCUITests.swift */; };
		6ED20A7A25AA4A1C00853538 /* KeyboardHandler.swift in Sources */ = {isa = PBXBuildFile; fileRef = 6ED20A7925AA4A1C00853538 /* KeyboardHandler.swift */; };
		6ED22D7A25ACCD840044A80F /* FASwiftUI in Frameworks */ = {isa = PBXBuildFile; productRef = 6ED22D7925ACCD840044A80F /* FASwiftUI */; };
		6ED22D7C25ACCDEC0044A80F /* MyStockViewModel.swift in Sources */ = {isa = PBXBuildFile; fileRef = 6ED22D7B25ACCDEC0044A80F /* MyStockViewModel.swift */; };
		6EF5A32825AB7C9200D67E00 /* Constants.swift in Sources */ = {isa = PBXBuildFile; fileRef = 6EF5A32725AB7C9200D67E00 /* Constants.swift */; };
		6EF5A32A25AB7D3A00D67E00 /* StockServiceProtocol.swift in Sources */ = {isa = PBXBuildFile; fileRef = 6EF5A32925AB7D3A00D67E00 /* StockServiceProtocol.swift */; };
		6EF5A32C25AB7D4E00D67E00 /* StockService.swift in Sources */ = {isa = PBXBuildFile; fileRef = 6EF5A32B25AB7D4E00D67E00 /* StockService.swift */; };
		6EF5A32E25AB80D800D67E00 /* EndPoints.swift in Sources */ = {isa = PBXBuildFile; fileRef = 6EF5A32D25AB80D800D67E00 /* EndPoints.swift */; };
		6EF5A33025AB830900D67E00 /* SearchSYMView.swift in Sources */ = {isa = PBXBuildFile; fileRef = 6EF5A32F25AB830900D67E00 /* SearchSYMView.swift */; };
		6EF5A33225AB832A00D67E00 /* SearchSYMViewModel.swift in Sources */ = {isa = PBXBuildFile; fileRef = 6EF5A33125AB832A00D67E00 /* SearchSYMViewModel.swift */; };
		6EFEBBFD25A667990087D911 /* LoginView.swift in Sources */ = {isa = PBXBuildFile; fileRef = 6EFEBBFC25A667990087D911 /* LoginView.swift */; };
		6EFEBBFF25A6687D0087D911 /* LoginViewModel.swift in Sources */ = {isa = PBXBuildFile; fileRef = 6EFEBBFE25A6687D0087D911 /* LoginViewModel.swift */; };
		6EFEBC0125A680440087D911 /* MyStockView.swift in Sources */ = {isa = PBXBuildFile; fileRef = 6EFEBC0025A680440087D911 /* MyStockView.swift */; };
/* End PBXBuildFile section */

/* Begin PBXContainerItemProxy section */
		6EB1F34B2594028D00D23290 /* PBXContainerItemProxy */ = {
			isa = PBXContainerItemProxy;
			containerPortal = 6EB1F32C2594028B00D23290 /* Project object */;
			proxyType = 1;
			remoteGlobalIDString = 6EB1F3332594028B00D23290;
			remoteInfo = StockPOC;
		};
		6EB1F3562594028D00D23290 /* PBXContainerItemProxy */ = {
			isa = PBXContainerItemProxy;
			containerPortal = 6EB1F32C2594028B00D23290 /* Project object */;
			proxyType = 1;
			remoteGlobalIDString = 6EB1F3332594028B00D23290;
			remoteInfo = StockPOC;
		};
/* End PBXContainerItemProxy section */

/* Begin PBXFileReference section */
		6E032D8125A6A81D009D57E9 /* MainView.swift */ = {isa = PBXFileReference; lastKnownFileType = sourcecode.swift; path = MainView.swift; sourceTree = "<group>"; };
		6E084C9225ACD1E600BFBE0E /* Font Awesome 5 Free-Solid-900.otf */ = {isa = PBXFileReference; lastKnownFileType = file; path = "Font Awesome 5 Free-Solid-900.otf"; sourceTree = "<group>"; };
		6E084C9325ACD1E600BFBE0E /* icons.json */ = {isa = PBXFileReference; fileEncoding = 4; lastKnownFileType = text.json; path = icons.json; sourceTree = "<group>"; };
		6E084C9425ACD1E600BFBE0E /* Font Awesome 5 Brands-Regular-400.otf */ = {isa = PBXFileReference; lastKnownFileType = file; path = "Font Awesome 5 Brands-Regular-400.otf"; sourceTree = "<group>"; };
		6E084C9525ACD1E600BFBE0E /* Font Awesome 5 Free-Regular-400.otf */ = {isa = PBXFileReference; lastKnownFileType = file; path = "Font Awesome 5 Free-Regular-400.otf"; sourceTree = "<group>"; };
		6E41508A25A925EA000E8260 /* BaseViewModel.swift */ = {isa = PBXFileReference; lastKnownFileType = sourcecode.swift; path = BaseViewModel.swift; sourceTree = "<group>"; };
		6E41508C25A95504000E8260 /* RequestApiHelper.swift */ = {isa = PBXFileReference; lastKnownFileType = sourcecode.swift; path = RequestApiHelper.swift; sourceTree = "<group>"; };
		6E44A4D625AA64E20004C5E8 /* SearchSYMResult.swift */ = {isa = PBXFileReference; lastKnownFileType = sourcecode.swift; path = SearchSYMResult.swift; sourceTree = "<group>"; };
		6E44A4D825AA65230004C5E8 /* ItemFromSearch.swift */ = {isa = PBXFileReference; lastKnownFileType = sourcecode.swift; path = ItemFromSearch.swift; sourceTree = "<group>"; };
		6EAFEE6125A7934F00B34000 /* MainViewModel.swift */ = {isa = PBXFileReference; lastKnownFileType = sourcecode.swift; path = MainViewModel.swift; sourceTree = "<group>"; };
		6EAFEE6425A7C15E00B34000 /* NotificationsName.swift */ = {isa = PBXFileReference; lastKnownFileType = sourcecode.swift; path = NotificationsName.swift; sourceTree = "<group>"; };
		6EAFEE6625A7EA6600B34000 /* DI.swift */ = {isa = PBXFileReference; lastKnownFileType = sourcecode.swift; path = DI.swift; sourceTree = "<group>"; };
		6EAFEE6825A7EB9800B34000 /* AuthServiceProtocol.swift */ = {isa = PBXFileReference; lastKnownFileType = sourcecode.swift; path = AuthServiceProtocol.swift; sourceTree = "<group>"; };
		6EAFEE6A25A7EBC500B34000 /* AuthService.swift */ = {isa = PBXFileReference; lastKnownFileType = sourcecode.swift; path = AuthService.swift; sourceTree = "<group>"; };
		6EAFEE6D25A7ECAB00B34000 /* SetupDI.swift */ = {isa = PBXFileReference; lastKnownFileType = sourcecode.swift; path = SetupDI.swift; sourceTree = "<group>"; };
		6EAFEE7025A803CE00B34000 /* LoadingView.swift */ = {isa = PBXFileReference; lastKnownFileType = sourcecode.swift; path = LoadingView.swift; sourceTree = "<group>"; };
		6EB1F3342594028B00D23290 /* StockPOC.app */ = {isa = PBXFileReference; explicitFileType = wrapper.application; includeInIndex = 0; path = StockPOC.app; sourceTree = BUILT_PRODUCTS_DIR; };
		6EB1F3372594028B00D23290 /* AppDelegate.swift */ = {isa = PBXFileReference; lastKnownFileType = sourcecode.swift; path = AppDelegate.swift; sourceTree = "<group>"; };
		6EB1F3392594028B00D23290 /* SceneDelegate.swift */ = {isa = PBXFileReference; lastKnownFileType = sourcecode.swift; path = SceneDelegate.swift; sourceTree = "<group>"; };
		6EB1F33D2594028D00D23290 /* Assets.xcassets */ = {isa = PBXFileReference; lastKnownFileType = folder.assetcatalog; path = Assets.xcassets; sourceTree = "<group>"; };
		6EB1F3402594028D00D23290 /* Preview Assets.xcassets */ = {isa = PBXFileReference; lastKnownFileType = folder.assetcatalog; path = "Preview Assets.xcassets"; sourceTree = "<group>"; };
		6EB1F3432594028D00D23290 /* Base */ = {isa = PBXFileReference; lastKnownFileType = file.storyboard; name = Base; path = Base.lproj/LaunchScreen.storyboard; sourceTree = "<group>"; };
		6EB1F3452594028D00D23290 /* Info.plist */ = {isa = PBXFileReference; lastKnownFileType = text.plist.xml; path = Info.plist; sourceTree = "<group>"; };
		6EB1F34A2594028D00D23290 /* StockPOCTests.xctest */ = {isa = PBXFileReference; explicitFileType = wrapper.cfbundle; includeInIndex = 0; path = StockPOCTests.xctest; sourceTree = BUILT_PRODUCTS_DIR; };
		6EB1F34E2594028D00D23290 /* StockPOCTests.swift */ = {isa = PBXFileReference; lastKnownFileType = sourcecode.swift; path = StockPOCTests.swift; sourceTree = "<group>"; };
		6EB1F3502594028D00D23290 /* Info.plist */ = {isa = PBXFileReference; lastKnownFileType = text.plist.xml; path = Info.plist; sourceTree = "<group>"; };
		6EB1F3552594028D00D23290 /* StockPOCUITests.xctest */ = {isa = PBXFileReference; explicitFileType = wrapper.cfbundle; includeInIndex = 0; path = StockPOCUITests.xctest; sourceTree = BUILT_PRODUCTS_DIR; };
		6EB1F3592594028D00D23290 /* StockPOCUITests.swift */ = {isa = PBXFileReference; lastKnownFileType = sourcecode.swift; path = StockPOCUITests.swift; sourceTree = "<group>"; };
		6EB1F35B2594028D00D23290 /* Info.plist */ = {isa = PBXFileReference; lastKnownFileType = text.plist.xml; path = Info.plist; sourceTree = "<group>"; };
		6ED20A7925AA4A1C00853538 /* KeyboardHandler.swift */ = {isa = PBXFileReference; lastKnownFileType = sourcecode.swift; path = KeyboardHandler.swift; sourceTree = "<group>"; };
		6ED22D7B25ACCDEC0044A80F /* MyStockViewModel.swift */ = {isa = PBXFileReference; lastKnownFileType = sourcecode.swift; path = MyStockViewModel.swift; sourceTree = "<group>"; };
		6EF5A32725AB7C9200D67E00 /* Constants.swift */ = {isa = PBXFileReference; lastKnownFileType = sourcecode.swift; path = Constants.swift; sourceTree = "<group>"; };
		6EF5A32925AB7D3A00D67E00 /* StockServiceProtocol.swift */ = {isa = PBXFileReference; lastKnownFileType = sourcecode.swift; path = StockServiceProtocol.swift; sourceTree = "<group>"; };
		6EF5A32B25AB7D4E00D67E00 /* StockService.swift */ = {isa = PBXFileReference; lastKnownFileType = sourcecode.swift; path = StockService.swift; sourceTree = "<group>"; };
		6EF5A32D25AB80D800D67E00 /* EndPoints.swift */ = {isa = PBXFileReference; lastKnownFileType = sourcecode.swift; path = EndPoints.swift; sourceTree = "<group>"; };
		6EF5A32F25AB830900D67E00 /* SearchSYMView.swift */ = {isa = PBXFileReference; lastKnownFileType = sourcecode.swift; path = SearchSYMView.swift; sourceTree = "<group>"; };
		6EF5A33125AB832A00D67E00 /* SearchSYMViewModel.swift */ = {isa = PBXFileReference; lastKnownFileType = sourcecode.swift; path = SearchSYMViewModel.swift; sourceTree = "<group>"; };
		6EFEBBFC25A667990087D911 /* LoginView.swift */ = {isa = PBXFileReference; lastKnownFileType = sourcecode.swift; path = LoginView.swift; sourceTree = "<group>"; };
		6EFEBBFE25A6687D0087D911 /* LoginViewModel.swift */ = {isa = PBXFileReference; lastKnownFileType = sourcecode.swift; path = LoginViewModel.swift; sourceTree = "<group>"; };
		6EFEBC0025A680440087D911 /* MyStockView.swift */ = {isa = PBXFileReference; lastKnownFileType = sourcecode.swift; path = MyStockView.swift; sourceTree = "<group>"; };
/* End PBXFileReference section */

/* Begin PBXFrameworksBuildPhase section */
		6EB1F3312594028B00D23290 /* Frameworks */ = {
			isa = PBXFrameworksBuildPhase;
			buildActionMask = 2147483647;
			files = (
				6ED22D7A25ACCD840044A80F /* FASwiftUI in Frameworks */,
			);
			runOnlyForDeploymentPostprocessing = 0;
		};
		6EB1F3472594028D00D23290 /* Frameworks */ = {
			isa = PBXFrameworksBuildPhase;
			buildActionMask = 2147483647;
			files = (
			);
			runOnlyForDeploymentPostprocessing = 0;
		};
		6EB1F3522594028D00D23290 /* Frameworks */ = {
			isa = PBXFrameworksBuildPhase;
			buildActionMask = 2147483647;
			files = (
			);
			runOnlyForDeploymentPostprocessing = 0;
		};
/* End PBXFrameworksBuildPhase section */

/* Begin PBXGroup section */
		6EAFEE6325A7C11C00B34000 /* Helpers */ = {
			isa = PBXGroup;
			children = (
				6EAFEE6425A7C15E00B34000 /* NotificationsName.swift */,
				6EAFEE6625A7EA6600B34000 /* DI.swift */,
				6E41508C25A95504000E8260 /* RequestApiHelper.swift */,
			);
			path = Helpers;
			sourceTree = "<group>";
		};
		6EAFEE6C25A7EC6600B34000 /* Utils */ = {
			isa = PBXGroup;
			children = (
				6EAFEE6D25A7ECAB00B34000 /* SetupDI.swift */,
				6EF5A32725AB7C9200D67E00 /* Constants.swift */,
				6EF5A32D25AB80D800D67E00 /* EndPoints.swift */,
			);
			path = Utils;
			sourceTree = "<group>";
		};
		6EAFEE6F25A803A300B34000 /* Components */ = {
			isa = PBXGroup;
			children = (
				6EAFEE7025A803CE00B34000 /* LoadingView.swift */,
			);
			path = Components;
			sourceTree = "<group>";
		};
		6EB1F32B2594028B00D23290 = {
			isa = PBXGroup;
			children = (
				6EB1F3362594028B00D23290 /* StockPOC */,
				6EB1F34D2594028D00D23290 /* StockPOCTests */,
				6EB1F3582594028D00D23290 /* StockPOCUITests */,
				6EB1F3352594028B00D23290 /* Products */,
			);
			sourceTree = "<group>";
		};
		6EB1F3352594028B00D23290 /* Products */ = {
			isa = PBXGroup;
			children = (
				6EB1F3342594028B00D23290 /* StockPOC.app */,
				6EB1F34A2594028D00D23290 /* StockPOCTests.xctest */,
				6EB1F3552594028D00D23290 /* StockPOCUITests.xctest */,
			);
			name = Products;
			sourceTree = "<group>";
		};
		6EB1F3362594028B00D23290 /* StockPOC */ = {
			isa = PBXGroup;
			children = (
				6ED22D7D25ACD12E0044A80F /* Resources */,
				6ED20A7825AA49D100853538 /* Extensions */,
				6EAFEE6C25A7EC6600B34000 /* Utils */,
				6EAFEE6325A7C11C00B34000 /* Helpers */,
				6EFEBBFB25A667580087D911 /* Services */,
				6EFEBBFA25A667520087D911 /* Models */,
				6EFEBBF925A667430087D911 /* ViewModels */,
				6EFEBBF825A6672F0087D911 /* Views */,
				6EB1F3372594028B00D23290 /* AppDelegate.swift */,
				6EB1F3392594028B00D23290 /* SceneDelegate.swift */,
				6EB1F33D2594028D00D23290 /* Assets.xcassets */,
				6EB1F3422594028D00D23290 /* LaunchScreen.storyboard */,
				6EB1F3452594028D00D23290 /* Info.plist */,
				6EB1F33F2594028D00D23290 /* Preview Content */,
			);
			path = StockPOC;
			sourceTree = "<group>";
		};
		6EB1F33F2594028D00D23290 /* Preview Content */ = {
			isa = PBXGroup;
			children = (
				6EB1F3402594028D00D23290 /* Preview Assets.xcassets */,
			);
			path = "Preview Content";
			sourceTree = "<group>";
		};
		6EB1F34D2594028D00D23290 /* StockPOCTests */ = {
			isa = PBXGroup;
			children = (
				6EB1F34E2594028D00D23290 /* StockPOCTests.swift */,
				6EB1F3502594028D00D23290 /* Info.plist */,
			);
			path = StockPOCTests;
			sourceTree = "<group>";
		};
		6EB1F3582594028D00D23290 /* StockPOCUITests */ = {
			isa = PBXGroup;
			children = (
				6EB1F3592594028D00D23290 /* StockPOCUITests.swift */,
				6EB1F35B2594028D00D23290 /* Info.plist */,
			);
			path = StockPOCUITests;
			sourceTree = "<group>";
		};
		6ED20A7825AA49D100853538 /* Extensions */ = {
			isa = PBXGroup;
			children = (
				6ED20A7925AA4A1C00853538 /* KeyboardHandler.swift */,
			);
			path = Extensions;
			sourceTree = "<group>";
		};
		6ED22D7D25ACD12E0044A80F /* Resources */ = {
			isa = PBXGroup;
			children = (
				6ED22D7E25ACD1390044A80F /* Fonts */,
			);
			path = Resources;
			sourceTree = "<group>";
		};
		6ED22D7E25ACD1390044A80F /* Fonts */ = {
			isa = PBXGroup;
			children = (
				6E084C9425ACD1E600BFBE0E /* Font Awesome 5 Brands-Regular-400.otf */,
				6E084C9525ACD1E600BFBE0E /* Font Awesome 5 Free-Regular-400.otf */,
				6E084C9225ACD1E600BFBE0E /* Font Awesome 5 Free-Solid-900.otf */,
				6E084C9325ACD1E600BFBE0E /* icons.json */,
			);
			path = Fonts;
			sourceTree = "<group>";
		};
		6EFEBBF825A6672F0087D911 /* Views */ = {
			isa = PBXGroup;
			children = (
				6EAFEE6F25A803A300B34000 /* Components */,
				6EFEBBFC25A667990087D911 /* LoginView.swift */,
				6EFEBC0025A680440087D911 /* MyStockView.swift */,
				6E032D8125A6A81D009D57E9 /* MainView.swift */,
				6EF5A32F25AB830900D67E00 /* SearchSYMView.swift */,
			);
			path = Views;
			sourceTree = "<group>";
		};
		6EFEBBF925A667430087D911 /* ViewModels */ = {
			isa = PBXGroup;
			children = (
				6EFEBBFE25A6687D0087D911 /* LoginViewModel.swift */,
				6EAFEE6125A7934F00B34000 /* MainViewModel.swift */,
				6E41508A25A925EA000E8260 /* BaseViewModel.swift */,
				6EF5A33125AB832A00D67E00 /* SearchSYMViewModel.swift */,
				6ED22D7B25ACCDEC0044A80F /* MyStockViewModel.swift */,
			);
			path = ViewModels;
			sourceTree = "<group>";
		};
		6EFEBBFA25A667520087D911 /* Models */ = {
			isa = PBXGroup;
			children = (
				6E44A4D625AA64E20004C5E8 /* SearchSYMResult.swift */,
				6E44A4D825AA65230004C5E8 /* ItemFromSearch.swift */,
			);
			path = Models;
			sourceTree = "<group>";
		};
		6EFEBBFB25A667580087D911 /* Services */ = {
			isa = PBXGroup;
			children = (
				6EAFEE6825A7EB9800B34000 /* AuthServiceProtocol.swift */,
				6EAFEE6A25A7EBC500B34000 /* AuthService.swift */,
				6EF5A32925AB7D3A00D67E00 /* StockServiceProtocol.swift */,
				6EF5A32B25AB7D4E00D67E00 /* StockService.swift */,
			);
			path = Services;
			sourceTree = "<group>";
		};
/* End PBXGroup section */

/* Begin PBXNativeTarget section */
		6EB1F3332594028B00D23290 /* StockPOC */ = {
			isa = PBXNativeTarget;
			buildConfigurationList = 6EB1F35E2594028D00D23290 /* Build configuration list for PBXNativeTarget "StockPOC" */;
			buildPhases = (
				6EB1F3302594028B00D23290 /* Sources */,
				6EB1F3312594028B00D23290 /* Frameworks */,
				6EB1F3322594028B00D23290 /* Resources */,
			);
			buildRules = (
			);
			dependencies = (
			);
			name = StockPOC;
			packageProductDependencies = (
				6ED22D7925ACCD840044A80F /* FASwiftUI */,
			);
			productName = StockPOC;
			productReference = 6EB1F3342594028B00D23290 /* StockPOC.app */;
			productType = "com.apple.product-type.application";
		};
		6EB1F3492594028D00D23290 /* StockPOCTests */ = {
			isa = PBXNativeTarget;
			buildConfigurationList = 6EB1F3612594028D00D23290 /* Build configuration list for PBXNativeTarget "StockPOCTests" */;
			buildPhases = (
				6EB1F3462594028D00D23290 /* Sources */,
				6EB1F3472594028D00D23290 /* Frameworks */,
				6EB1F3482594028D00D23290 /* Resources */,
			);
			buildRules = (
			);
			dependencies = (
				6EB1F34C2594028D00D23290 /* PBXTargetDependency */,
			);
			name = StockPOCTests;
			productName = StockPOCTests;
			productReference = 6EB1F34A2594028D00D23290 /* StockPOCTests.xctest */;
			productType = "com.apple.product-type.bundle.unit-test";
		};
		6EB1F3542594028D00D23290 /* StockPOCUITests */ = {
			isa = PBXNativeTarget;
			buildConfigurationList = 6EB1F3642594028D00D23290 /* Build configuration list for PBXNativeTarget "StockPOCUITests" */;
			buildPhases = (
				6EB1F3512594028D00D23290 /* Sources */,
				6EB1F3522594028D00D23290 /* Frameworks */,
				6EB1F3532594028D00D23290 /* Resources */,
			);
			buildRules = (
			);
			dependencies = (
				6EB1F3572594028D00D23290 /* PBXTargetDependency */,
			);
			name = StockPOCUITests;
			productName = StockPOCUITests;
			productReference = 6EB1F3552594028D00D23290 /* StockPOCUITests.xctest */;
			productType = "com.apple.product-type.bundle.ui-testing";
		};
/* End PBXNativeTarget section */

/* Begin PBXProject section */
		6EB1F32C2594028B00D23290 /* Project object */ = {
			isa = PBXProject;
			attributes = {
				LastSwiftUpdateCheck = 1160;
				LastUpgradeCheck = 1160;
				ORGANIZATIONNAME = alvaro.torrez;
				TargetAttributes = {
					6EB1F3332594028B00D23290 = {
						CreatedOnToolsVersion = 11.6;
					};
					6EB1F3492594028D00D23290 = {
						CreatedOnToolsVersion = 11.6;
						TestTargetID = 6EB1F3332594028B00D23290;
					};
					6EB1F3542594028D00D23290 = {
						CreatedOnToolsVersion = 11.6;
						TestTargetID = 6EB1F3332594028B00D23290;
					};
				};
			};
			buildConfigurationList = 6EB1F32F2594028B00D23290 /* Build configuration list for PBXProject "StockPOC" */;
			compatibilityVersion = "Xcode 9.3";
			developmentRegion = en;
			hasScannedForEncodings = 0;
			knownRegions = (
				en,
				Base,
			);
			mainGroup = 6EB1F32B2594028B00D23290;
			packageReferences = (
				6ED22D7825ACCD840044A80F /* XCRemoteSwiftPackageReference "FASwiftUI" */,
			);
			productRefGroup = 6EB1F3352594028B00D23290 /* Products */;
			projectDirPath = "";
			projectRoot = "";
			targets = (
				6EB1F3332594028B00D23290 /* StockPOC */,
				6EB1F3492594028D00D23290 /* StockPOCTests */,
				6EB1F3542594028D00D23290 /* StockPOCUITests */,
			);
		};
/* End PBXProject section */

/* Begin PBXResourcesBuildPhase section */
		6EB1F3322594028B00D23290 /* Resources */ = {
			isa = PBXResourcesBuildPhase;
			buildActionMask = 2147483647;
			files = (
				6EB1F3442594028D00D23290 /* LaunchScreen.storyboard in Resources */,
				6E084C9825ACD1E600BFBE0E /* Font Awesome 5 Brands-Regular-400.otf in Resources */,
				6E084C9925ACD1E600BFBE0E /* Font Awesome 5 Free-Regular-400.otf in Resources */,
				6EB1F3412594028D00D23290 /* Preview Assets.xcassets in Resources */,
				6EB1F33E2594028D00D23290 /* Assets.xcassets in Resources */,
				6E084C9625ACD1E600BFBE0E /* Font Awesome 5 Free-Solid-900.otf in Resources */,
				6E084C9725ACD1E600BFBE0E /* icons.json in Resources */,
			);
			runOnlyForDeploymentPostprocessing = 0;
		};
		6EB1F3482594028D00D23290 /* Resources */ = {
			isa = PBXResourcesBuildPhase;
			buildActionMask = 2147483647;
			files = (
			);
			runOnlyForDeploymentPostprocessing = 0;
		};
		6EB1F3532594028D00D23290 /* Resources */ = {
			isa = PBXResourcesBuildPhase;
			buildActionMask = 2147483647;
			files = (
			);
			runOnlyForDeploymentPostprocessing = 0;
		};
/* End PBXResourcesBuildPhase section */

/* Begin PBXSourcesBuildPhase section */
		6EB1F3302594028B00D23290 /* Sources */ = {
			isa = PBXSourcesBuildPhase;
			buildActionMask = 2147483647;
			files = (
				6EF5A33025AB830900D67E00 /* SearchSYMView.swift in Sources */,
				6EAFEE6225A7934F00B34000 /* MainViewModel.swift in Sources */,
				6ED20A7A25AA4A1C00853538 /* KeyboardHandler.swift in Sources */,
				6E41508D25A95504000E8260 /* RequestApiHelper.swift in Sources */,
				6EB1F3382594028B00D23290 /* AppDelegate.swift in Sources */,
				6EAFEE6725A7EA6600B34000 /* DI.swift in Sources */,
				6E41508B25A925EA000E8260 /* BaseViewModel.swift in Sources */,
				6ED22D7C25ACCDEC0044A80F /* MyStockViewModel.swift in Sources */,
				6EAFEE6925A7EB9800B34000 /* AuthServiceProtocol.swift in Sources */,
				6E032D8225A6A81D009D57E9 /* MainView.swift in Sources */,
				6EF5A32A25AB7D3A00D67E00 /* StockServiceProtocol.swift in Sources */,
				6EAFEE6B25A7EBC500B34000 /* AuthService.swift in Sources */,
				6E44A4D725AA64E20004C5E8 /* SearchSYMResult.swift in Sources */,
				6EF5A32C25AB7D4E00D67E00 /* StockService.swift in Sources */,
				6EB1F33A2594028B00D23290 /* SceneDelegate.swift in Sources */,
				6EF5A33225AB832A00D67E00 /* SearchSYMViewModel.swift in Sources */,
				6EFEBBFD25A667990087D911 /* LoginView.swift in Sources */,
				6EAFEE6525A7C15E00B34000 /* NotificationsName.swift in Sources */,
				6E44A4D925AA65230004C5E8 /* ItemFromSearch.swift in Sources */,
				6EF5A32E25AB80D800D67E00 /* EndPoints.swift in Sources */,
				6EF5A32825AB7C9200D67E00 /* Constants.swift in Sources */,
				6EFEBBFF25A6687D0087D911 /* LoginViewModel.swift in Sources */,
				6EAFEE6E25A7ECAB00B34000 /* SetupDI.swift in Sources */,
				6EAFEE7125A803CE00B34000 /* LoadingView.swift in Sources */,
				6EFEBC0125A680440087D911 /* MyStockView.swift in Sources */,
			);
			runOnlyForDeploymentPostprocessing = 0;
		};
		6EB1F3462594028D00D23290 /* Sources */ = {
			isa = PBXSourcesBuildPhase;
			buildActionMask = 2147483647;
			files = (
				6EB1F34F2594028D00D23290 /* StockPOCTests.swift in Sources */,
			);
			runOnlyForDeploymentPostprocessing = 0;
		};
		6EB1F3512594028D00D23290 /* Sources */ = {
			isa = PBXSourcesBuildPhase;
			buildActionMask = 2147483647;
			files = (
				6EB1F35A2594028D00D23290 /* StockPOCUITests.swift in Sources */,
			);
			runOnlyForDeploymentPostprocessing = 0;
		};
/* End PBXSourcesBuildPhase section */

/* Begin PBXTargetDependency section */
		6EB1F34C2594028D00D23290 /* PBXTargetDependency */ = {
			isa = PBXTargetDependency;
			target = 6EB1F3332594028B00D23290 /* StockPOC */;
			targetProxy = 6EB1F34B2594028D00D23290 /* PBXContainerItemProxy */;
		};
		6EB1F3572594028D00D23290 /* PBXTargetDependency */ = {
			isa = PBXTargetDependency;
			target = 6EB1F3332594028B00D23290 /* StockPOC */;
			targetProxy = 6EB1F3562594028D00D23290 /* PBXContainerItemProxy */;
		};
/* End PBXTargetDependency section */

/* Begin PBXVariantGroup section */
		6EB1F3422594028D00D23290 /* LaunchScreen.storyboard */ = {
			isa = PBXVariantGroup;
			children = (
				6EB1F3432594028D00D23290 /* Base */,
			);
			name = LaunchScreen.storyboard;
			sourceTree = "<group>";
		};
/* End PBXVariantGroup section */

/* Begin XCBuildConfiguration section */
		6EB1F35C2594028D00D23290 /* Debug */ = {
			isa = XCBuildConfiguration;
			buildSettings = {
				ALWAYS_SEARCH_USER_PATHS = NO;
				CLANG_ANALYZER_NONNULL = YES;
				CLANG_ANALYZER_NUMBER_OBJECT_CONVERSION = YES_AGGRESSIVE;
				CLANG_CXX_LANGUAGE_STANDARD = "gnu++14";
				CLANG_CXX_LIBRARY = "libc++";
				CLANG_ENABLE_MODULES = YES;
				CLANG_ENABLE_OBJC_ARC = YES;
				CLANG_ENABLE_OBJC_WEAK = YES;
				CLANG_WARN_BLOCK_CAPTURE_AUTORELEASING = YES;
				CLANG_WARN_BOOL_CONVERSION = YES;
				CLANG_WARN_COMMA = YES;
				CLANG_WARN_CONSTANT_CONVERSION = YES;
				CLANG_WARN_DEPRECATED_OBJC_IMPLEMENTATIONS = YES;
				CLANG_WARN_DIRECT_OBJC_ISA_USAGE = YES_ERROR;
				CLANG_WARN_DOCUMENTATION_COMMENTS = YES;
				CLANG_WARN_EMPTY_BODY = YES;
				CLANG_WARN_ENUM_CONVERSION = YES;
				CLANG_WARN_INFINITE_RECURSION = YES;
				CLANG_WARN_INT_CONVERSION = YES;
				CLANG_WARN_NON_LITERAL_NULL_CONVERSION = YES;
				CLANG_WARN_OBJC_IMPLICIT_RETAIN_SELF = YES;
				CLANG_WARN_OBJC_LITERAL_CONVERSION = YES;
				CLANG_WARN_OBJC_ROOT_CLASS = YES_ERROR;
				CLANG_WARN_RANGE_LOOP_ANALYSIS = YES;
				CLANG_WARN_STRICT_PROTOTYPES = YES;
				CLANG_WARN_SUSPICIOUS_MOVE = YES;
				CLANG_WARN_UNGUARDED_AVAILABILITY = YES_AGGRESSIVE;
				CLANG_WARN_UNREACHABLE_CODE = YES;
				CLANG_WARN__DUPLICATE_METHOD_MATCH = YES;
				COPY_PHASE_STRIP = NO;
				DEBUG_INFORMATION_FORMAT = dwarf;
				ENABLE_STRICT_OBJC_MSGSEND = YES;
				ENABLE_TESTABILITY = YES;
				GCC_C_LANGUAGE_STANDARD = gnu11;
				GCC_DYNAMIC_NO_PIC = NO;
				GCC_NO_COMMON_BLOCKS = YES;
				GCC_OPTIMIZATION_LEVEL = 0;
				GCC_PREPROCESSOR_DEFINITIONS = (
					"DEBUG=1",
					"$(inherited)",
				);
				GCC_WARN_64_TO_32_BIT_CONVERSION = YES;
				GCC_WARN_ABOUT_RETURN_TYPE = YES_ERROR;
				GCC_WARN_UNDECLARED_SELECTOR = YES;
				GCC_WARN_UNINITIALIZED_AUTOS = YES_AGGRESSIVE;
				GCC_WARN_UNUSED_FUNCTION = YES;
				GCC_WARN_UNUSED_VARIABLE = YES;
				IPHONEOS_DEPLOYMENT_TARGET = 13.6;
				MTL_ENABLE_DEBUG_INFO = INCLUDE_SOURCE;
				MTL_FAST_MATH = YES;
				ONLY_ACTIVE_ARCH = YES;
				SDKROOT = iphoneos;
				SWIFT_ACTIVE_COMPILATION_CONDITIONS = DEBUG;
				SWIFT_OPTIMIZATION_LEVEL = "-Onone";
			};
			name = Debug;
		};
		6EB1F35D2594028D00D23290 /* Release */ = {
			isa = XCBuildConfiguration;
			buildSettings = {
				ALWAYS_SEARCH_USER_PATHS = NO;
				CLANG_ANALYZER_NONNULL = YES;
				CLANG_ANALYZER_NUMBER_OBJECT_CONVERSION = YES_AGGRESSIVE;
				CLANG_CXX_LANGUAGE_STANDARD = "gnu++14";
				CLANG_CXX_LIBRARY = "libc++";
				CLANG_ENABLE_MODULES = YES;
				CLANG_ENABLE_OBJC_ARC = YES;
				CLANG_ENABLE_OBJC_WEAK = YES;
				CLANG_WARN_BLOCK_CAPTURE_AUTORELEASING = YES;
				CLANG_WARN_BOOL_CONVERSION = YES;
				CLANG_WARN_COMMA = YES;
				CLANG_WARN_CONSTANT_CONVERSION = YES;
				CLANG_WARN_DEPRECATED_OBJC_IMPLEMENTATIONS = YES;
				CLANG_WARN_DIRECT_OBJC_ISA_USAGE = YES_ERROR;
				CLANG_WARN_DOCUMENTATION_COMMENTS = YES;
				CLANG_WARN_EMPTY_BODY = YES;
				CLANG_WARN_ENUM_CONVERSION = YES;
				CLANG_WARN_INFINITE_RECURSION = YES;
				CLANG_WARN_INT_CONVERSION = YES;
				CLANG_WARN_NON_LITERAL_NULL_CONVERSION = YES;
				CLANG_WARN_OBJC_IMPLICIT_RETAIN_SELF = YES;
				CLANG_WARN_OBJC_LITERAL_CONVERSION = YES;
				CLANG_WARN_OBJC_ROOT_CLASS = YES_ERROR;
				CLANG_WARN_RANGE_LOOP_ANALYSIS = YES;
				CLANG_WARN_STRICT_PROTOTYPES = YES;
				CLANG_WARN_SUSPICIOUS_MOVE = YES;
				CLANG_WARN_UNGUARDED_AVAILABILITY = YES_AGGRESSIVE;
				CLANG_WARN_UNREACHABLE_CODE = YES;
				CLANG_WARN__DUPLICATE_METHOD_MATCH = YES;
				COPY_PHASE_STRIP = NO;
				DEBUG_INFORMATION_FORMAT = "dwarf-with-dsym";
				ENABLE_NS_ASSERTIONS = NO;
				ENABLE_STRICT_OBJC_MSGSEND = YES;
				GCC_C_LANGUAGE_STANDARD = gnu11;
				GCC_NO_COMMON_BLOCKS = YES;
				GCC_WARN_64_TO_32_BIT_CONVERSION = YES;
				GCC_WARN_ABOUT_RETURN_TYPE = YES_ERROR;
				GCC_WARN_UNDECLARED_SELECTOR = YES;
				GCC_WARN_UNINITIALIZED_AUTOS = YES_AGGRESSIVE;
				GCC_WARN_UNUSED_FUNCTION = YES;
				GCC_WARN_UNUSED_VARIABLE = YES;
				IPHONEOS_DEPLOYMENT_TARGET = 13.6;
				MTL_ENABLE_DEBUG_INFO = NO;
				MTL_FAST_MATH = YES;
				SDKROOT = iphoneos;
				SWIFT_COMPILATION_MODE = wholemodule;
				SWIFT_OPTIMIZATION_LEVEL = "-O";
				VALIDATE_PRODUCT = YES;
			};
			name = Release;
		};
		6EB1F35F2594028D00D23290 /* Debug */ = {
			isa = XCBuildConfiguration;
			buildSettings = {
				ASSETCATALOG_COMPILER_APPICON_NAME = AppIcon;
				CODE_SIGN_STYLE = Automatic;
				DEVELOPMENT_ASSET_PATHS = "\"StockPOC/Preview Content\"";
				ENABLE_PREVIEWS = YES;
				INFOPLIST_FILE = StockPOC/Info.plist;
				LD_RUNPATH_SEARCH_PATHS = (
					"$(inherited)",
					"@executable_path/Frameworks",
				);
				PRODUCT_BUNDLE_IDENTIFIER = alvaro.torrez.StockPOC;
				PRODUCT_NAME = "$(TARGET_NAME)";
				SWIFT_VERSION = 5.0;
				TARGETED_DEVICE_FAMILY = "1,2";
			};
			name = Debug;
		};
		6EB1F3602594028D00D23290 /* Release */ = {
			isa = XCBuildConfiguration;
			buildSettings = {
				ASSETCATALOG_COMPILER_APPICON_NAME = AppIcon;
				CODE_SIGN_STYLE = Automatic;
				DEVELOPMENT_ASSET_PATHS = "\"StockPOC/Preview Content\"";
				ENABLE_PREVIEWS = YES;
				INFOPLIST_FILE = StockPOC/Info.plist;
				LD_RUNPATH_SEARCH_PATHS = (
					"$(inherited)",
					"@executable_path/Frameworks",
				);
				PRODUCT_BUNDLE_IDENTIFIER = alvaro.torrez.StockPOC;
				PRODUCT_NAME = "$(TARGET_NAME)";
				SWIFT_VERSION = 5.0;
				TARGETED_DEVICE_FAMILY = "1,2";
			};
			name = Release;
		};
		6EB1F3622594028D00D23290 /* Debug */ = {
			isa = XCBuildConfiguration;
			buildSettings = {
				ALWAYS_EMBED_SWIFT_STANDARD_LIBRARIES = YES;
				BUNDLE_LOADER = "$(TEST_HOST)";
				CODE_SIGN_STYLE = Automatic;
				INFOPLIST_FILE = StockPOCTests/Info.plist;
				IPHONEOS_DEPLOYMENT_TARGET = 13.6;
				LD_RUNPATH_SEARCH_PATHS = (
					"$(inherited)",
					"@executable_path/Frameworks",
					"@loader_path/Frameworks",
				);
				PRODUCT_BUNDLE_IDENTIFIER = alvaro.torrez.StockPOCTests;
				PRODUCT_NAME = "$(TARGET_NAME)";
				SWIFT_VERSION = 5.0;
				TARGETED_DEVICE_FAMILY = "1,2";
				TEST_HOST = "$(BUILT_PRODUCTS_DIR)/StockPOC.app/StockPOC";
			};
			name = Debug;
		};
		6EB1F3632594028D00D23290 /* Release */ = {
			isa = XCBuildConfiguration;
			buildSettings = {
				ALWAYS_EMBED_SWIFT_STANDARD_LIBRARIES = YES;
				BUNDLE_LOADER = "$(TEST_HOST)";
				CODE_SIGN_STYLE = Automatic;
				INFOPLIST_FILE = StockPOCTests/Info.plist;
				IPHONEOS_DEPLOYMENT_TARGET = 13.6;
				LD_RUNPATH_SEARCH_PATHS = (
					"$(inherited)",
					"@executable_path/Frameworks",
					"@loader_path/Frameworks",
				);
				PRODUCT_BUNDLE_IDENTIFIER = alvaro.torrez.StockPOCTests;
				PRODUCT_NAME = "$(TARGET_NAME)";
				SWIFT_VERSION = 5.0;
				TARGETED_DEVICE_FAMILY = "1,2";
				TEST_HOST = "$(BUILT_PRODUCTS_DIR)/StockPOC.app/StockPOC";
			};
			name = Release;
		};
		6EB1F3652594028D00D23290 /* Debug */ = {
			isa = XCBuildConfiguration;
			buildSettings = {
				ALWAYS_EMBED_SWIFT_STANDARD_LIBRARIES = YES;
				CODE_SIGN_STYLE = Automatic;
				INFOPLIST_FILE = StockPOCUITests/Info.plist;
				LD_RUNPATH_SEARCH_PATHS = (
					"$(inherited)",
					"@executable_path/Frameworks",
					"@loader_path/Frameworks",
				);
				PRODUCT_BUNDLE_IDENTIFIER = alvaro.torrez.StockPOCUITests;
				PRODUCT_NAME = "$(TARGET_NAME)";
				SWIFT_VERSION = 5.0;
				TARGETED_DEVICE_FAMILY = "1,2";
				TEST_TARGET_NAME = StockPOC;
			};
			name = Debug;
		};
		6EB1F3662594028D00D23290 /* Release */ = {
			isa = XCBuildConfiguration;
			buildSettings = {
				ALWAYS_EMBED_SWIFT_STANDARD_LIBRARIES = YES;
				CODE_SIGN_STYLE = Automatic;
				INFOPLIST_FILE = StockPOCUITests/Info.plist;
				LD_RUNPATH_SEARCH_PATHS = (
					"$(inherited)",
					"@executable_path/Frameworks",
					"@loader_path/Frameworks",
				);
				PRODUCT_BUNDLE_IDENTIFIER = alvaro.torrez.StockPOCUITests;
				PRODUCT_NAME = "$(TARGET_NAME)";
				SWIFT_VERSION = 5.0;
				TARGETED_DEVICE_FAMILY = "1,2";
				TEST_TARGET_NAME = StockPOC;
			};
			name = Release;
		};
/* End XCBuildConfiguration section */

/* Begin XCConfigurationList section */
		6EB1F32F2594028B00D23290 /* Build configuration list for PBXProject "StockPOC" */ = {
			isa = XCConfigurationList;
			buildConfigurations = (
				6EB1F35C2594028D00D23290 /* Debug */,
				6EB1F35D2594028D00D23290 /* Release */,
			);
			defaultConfigurationIsVisible = 0;
			defaultConfigurationName = Release;
		};
		6EB1F35E2594028D00D23290 /* Build configuration list for PBXNativeTarget "StockPOC" */ = {
			isa = XCConfigurationList;
			buildConfigurations = (
				6EB1F35F2594028D00D23290 /* Debug */,
				6EB1F3602594028D00D23290 /* Release */,
			);
			defaultConfigurationIsVisible = 0;
			defaultConfigurationName = Release;
		};
		6EB1F3612594028D00D23290 /* Build configuration list for PBXNativeTarget "StockPOCTests" */ = {
			isa = XCConfigurationList;
			buildConfigurations = (
				6EB1F3622594028D00D23290 /* Debug */,
				6EB1F3632594028D00D23290 /* Release */,
			);
			defaultConfigurationIsVisible = 0;
			defaultConfigurationName = Release;
		};
		6EB1F3642594028D00D23290 /* Build configuration list for PBXNativeTarget "StockPOCUITests" */ = {
			isa = XCConfigurationList;
			buildConfigurations = (
				6EB1F3652594028D00D23290 /* Debug */,
				6EB1F3662594028D00D23290 /* Release */,
			);
			defaultConfigurationIsVisible = 0;
			defaultConfigurationName = Release;
		};
/* End XCConfigurationList section */

/* Begin XCRemoteSwiftPackageReference section */
		6ED22D7825ACCD840044A80F /* XCRemoteSwiftPackageReference "FASwiftUI" */ = {
			isa = XCRemoteSwiftPackageReference;
			repositoryURL = "https://github.com/mattmaddux/FASwiftUI";
			requirement = {
				kind = upToNextMajorVersion;
				minimumVersion = 1.0.4;
			};
		};
/* End XCRemoteSwiftPackageReference section */

/* Begin XCSwiftPackageProductDependency section */
		6ED22D7925ACCD840044A80F /* FASwiftUI */ = {
			isa = XCSwiftPackageProductDependency;
			package = 6ED22D7825ACCD840044A80F /* XCRemoteSwiftPackageReference "FASwiftUI" */;
			productName = FASwiftUI;
		};
/* End XCSwiftPackageProductDependency section */
	};
	rootObject = 6EB1F32C2594028B00D23290 /* Project object */;
}
